// !$*UTF8*$!
{
	archiveVersion = 1;
	classes = {
	};
	objectVersion = 46;
	objects = {

/* Begin PBXBuildFile section */
		39553C561C1C817B009E8506 /* AppDelegate.m in Sources */ = {isa = PBXBuildFile; fileRef = 39553C551C1C817B009E8506 /* AppDelegate.m */; };
		39553C591C1C817B009E8506 /* main.m in Sources */ = {isa = PBXBuildFile; fileRef = 39553C581C1C817B009E8506 /* main.m */; };
		39553C5E1C1C817B009E8506 /* Assets.xcassets in Resources */ = {isa = PBXBuildFile; fileRef = 39553C5D1C1C817B009E8506 /* Assets.xcassets */; };
		39553C611C1C817B009E8506 /* Main.storyboard in Resources */ = {isa = PBXBuildFile; fileRef = 39553C5F1C1C817B009E8506 /* Main.storyboard */; };
		39698E331C1D4BA1007EB85E /* FileDownloader.m in Sources */ = {isa = PBXBuildFile; fileRef = 39698E321C1D4BA1007EB85E /* FileDownloader.m */; };
		39A35CF11C1C855C007527F8 /* TCBlobDownloader.m in Sources */ = {isa = PBXBuildFile; fileRef = 39A35CEE1C1C855C007527F8 /* TCBlobDownloader.m */; };
		39A35CF21C1C855C007527F8 /* TCBlobDownloadManager.m in Sources */ = {isa = PBXBuildFile; fileRef = 39A35CF01C1C855C007527F8 /* TCBlobDownloadManager.m */; };
		39A35CF51C1C857F007527F8 /* Foundation.framework in Frameworks */ = {isa = PBXBuildFile; fileRef = 39A35CF41C1C857F007527F8 /* Foundation.framework */; };
		39A35CFA1C1C8764007527F8 /* MainViewController.m in Sources */ = {isa = PBXBuildFile; fileRef = 39A35CF91C1C8764007527F8 /* MainViewController.m */; };
		39A35CFE1C1D34E7007527F8 /* FCFileManager.m in Sources */ = {isa = PBXBuildFile; fileRef = 39A35CFD1C1D34E7007527F8 /* FCFileManager.m */; };
		39C054AC1C1D529F000C30C8 /* MainWindowController.m in Sources */ = {isa = PBXBuildFile; fileRef = 39C054AB1C1D529F000C30C8 /* MainWindowController.m */; };
		39C054E41C1DC07B000C30C8 /* NSString+ESAdditions.m in Sources */ = {isa = PBXBuildFile; fileRef = 39C054D31C1DC07B000C30C8 /* NSString+ESAdditions.m */; };
/* End PBXBuildFile section */

/* Begin PBXFileReference section */
		39553C511C1C817B009E8506 /* 3DNUS.app */ = {isa = PBXFileReference; explicitFileType = wrapper.application; includeInIndex = 0; path = 3DNUS.app; sourceTree = BUILT_PRODUCTS_DIR; };
		39553C541C1C817B009E8506 /* AppDelegate.h */ = {isa = PBXFileReference; lastKnownFileType = sourcecode.c.h; path = AppDelegate.h; sourceTree = "<group>"; };
		39553C551C1C817B009E8506 /* AppDelegate.m */ = {isa = PBXFileReference; lastKnownFileType = sourcecode.c.objc; path = AppDelegate.m; sourceTree = "<group>"; };
		39553C581C1C817B009E8506 /* main.m */ = {isa = PBXFileReference; lastKnownFileType = sourcecode.c.objc; path = main.m; sourceTree = "<group>"; };
		39553C5D1C1C817B009E8506 /* Assets.xcassets */ = {isa = PBXFileReference; lastKnownFileType = folder.assetcatalog; path = Assets.xcassets; sourceTree = "<group>"; };
		39553C601C1C817B009E8506 /* Base */ = {isa = PBXFileReference; lastKnownFileType = file.storyboard; name = Base; path = Base.lproj/Main.storyboard; sourceTree = "<group>"; };
		39553C621C1C817B009E8506 /* Info.plist */ = {isa = PBXFileReference; lastKnownFileType = text.plist.xml; path = Info.plist; sourceTree = "<group>"; };
		39698E311C1D4BA1007EB85E /* FileDownloader.h */ = {isa = PBXFileReference; fileEncoding = 4; lastKnownFileType = sourcecode.c.h; path = FileDownloader.h; sourceTree = "<group>"; };
		39698E321C1D4BA1007EB85E /* FileDownloader.m */ = {isa = PBXFileReference; fileEncoding = 4; lastKnownFileType = sourcecode.c.objc; path = FileDownloader.m; sourceTree = "<group>"; };
		39A35CEC1C1C855C007527F8 /* TCBlobDownload.h */ = {isa = PBXFileReference; fileEncoding = 4; lastKnownFileType = sourcecode.c.h; path = TCBlobDownload.h; sourceTree = "<group>"; };
		39A35CED1C1C855C007527F8 /* TCBlobDownloader.h */ = {isa = PBXFileReference; fileEncoding = 4; lastKnownFileType = sourcecode.c.h; path = TCBlobDownloader.h; sourceTree = "<group>"; };
		39A35CEE1C1C855C007527F8 /* TCBlobDownloader.m */ = {isa = PBXFileReference; fileEncoding = 4; lastKnownFileType = sourcecode.c.objc; path = TCBlobDownloader.m; sourceTree = "<group>"; };
		39A35CEF1C1C855C007527F8 /* TCBlobDownloadManager.h */ = {isa = PBXFileReference; fileEncoding = 4; lastKnownFileType = sourcecode.c.h; path = TCBlobDownloadManager.h; sourceTree = "<group>"; };
		39A35CF01C1C855C007527F8 /* TCBlobDownloadManager.m */ = {isa = PBXFileReference; fileEncoding = 4; lastKnownFileType = sourcecode.c.objc; path = TCBlobDownloadManager.m; sourceTree = "<group>"; };
		39A35CF41C1C857F007527F8 /* Foundation.framework */ = {isa = PBXFileReference; lastKnownFileType = wrapper.framework; name = Foundation.framework; path = System/Library/Frameworks/Foundation.framework; sourceTree = SDKROOT; };
		39A35CF61C1C8631007527F8 /* 3DNUS-Prefix.pch */ = {isa = PBXFileReference; lastKnownFileType = sourcecode.c.h; path = "3DNUS-Prefix.pch"; sourceTree = "<group>"; };
		39A35CF81C1C8764007527F8 /* MainViewController.h */ = {isa = PBXFileReference; fileEncoding = 4; lastKnownFileType = sourcecode.c.h; path = MainViewController.h; sourceTree = "<group>"; };
		39A35CF91C1C8764007527F8 /* MainViewController.m */ = {isa = PBXFileReference; fileEncoding = 4; lastKnownFileType = sourcecode.c.objc; path = MainViewController.m; sourceTree = "<group>"; };
		39A35CFC1C1D34E7007527F8 /* FCFileManager.h */ = {isa = PBXFileReference; fileEncoding = 4; lastKnownFileType = sourcecode.c.h; path = FCFileManager.h; sourceTree = "<group>"; };
		39A35CFD1C1D34E7007527F8 /* FCFileManager.m */ = {isa = PBXFileReference; fileEncoding = 4; lastKnownFileType = sourcecode.c.objc; path = FCFileManager.m; sourceTree = "<group>"; };
		39C054AA1C1D529F000C30C8 /* MainWindowController.h */ = {isa = PBXFileReference; fileEncoding = 4; lastKnownFileType = sourcecode.c.h; path = MainWindowController.h; sourceTree = "<group>"; };
		39C054AB1C1D529F000C30C8 /* MainWindowController.m */ = {isa = PBXFileReference; fileEncoding = 4; lastKnownFileType = sourcecode.c.objc; path = MainWindowController.m; sourceTree = "<group>"; };
		39C054B01C1DA76E000C30C8 /* Defines.h */ = {isa = PBXFileReference; lastKnownFileType = sourcecode.c.h; path = Defines.h; sourceTree = "<group>"; };
		39C054D21C1DC07B000C30C8 /* NSString+ESAdditions.h */ = {isa = PBXFileReference; fileEncoding = 4; lastKnownFileType = sourcecode.c.h; path = "NSString+ESAdditions.h"; sourceTree = "<group>"; };
		39C054D31C1DC07B000C30C8 /* NSString+ESAdditions.m */ = {isa = PBXFileReference; fileEncoding = 4; lastKnownFileType = sourcecode.c.objc; path = "NSString+ESAdditions.m"; sourceTree = "<group>"; };
/* End PBXFileReference section */

/* Begin PBXFrameworksBuildPhase section */
		39553C4E1C1C817B009E8506 /* Frameworks */ = {
			isa = PBXFrameworksBuildPhase;
			buildActionMask = 2147483647;
			files = (
				39A35CF51C1C857F007527F8 /* Foundation.framework in Frameworks */,
			);
			runOnlyForDeploymentPostprocessing = 0;
		};
/* End PBXFrameworksBuildPhase section */

/* Begin PBXGroup section */
		39553C481C1C817B009E8506 = {
			isa = PBXGroup;
			children = (
				39553C531C1C817B009E8506 /* 3DNUS */,
				39553C681C1C818F009E8506 /* Vendors */,
				39A35CF31C1C856D007527F8 /* Frameworks */,
				39553C521C1C817B009E8506 /* Products */,
			);
			sourceTree = "<group>";
		};
		39553C521C1C817B009E8506 /* Products */ = {
			isa = PBXGroup;
			children = (
				39553C511C1C817B009E8506 /* 3DNUS.app */,
			);
			name = Products;
			sourceTree = "<group>";
		};
		39553C531C1C817B009E8506 /* 3DNUS */ = {
			isa = PBXGroup;
			children = (
				39698E301C1D4B93007EB85E /* Common */,
				39C054B21C1DC01E000C30C8 /* Categories */,
				39A35CF71C1C874C007527F8 /* Controllers */,
				39553C541C1C817B009E8506 /* AppDelegate.h */,
				39553C551C1C817B009E8506 /* AppDelegate.m */,
				39553C5F1C1C817B009E8506 /* Main.storyboard */,
				39553C571C1C817B009E8506 /* Supporting Files */,
			);
			path = 3DNUS;
			sourceTree = "<group>";
		};
		39553C571C1C817B009E8506 /* Supporting Files */ = {
			isa = PBXGroup;
			children = (
				39553C621C1C817B009E8506 /* Info.plist */,
				39553C581C1C817B009E8506 /* main.m */,
				39C054B01C1DA76E000C30C8 /* Defines.h */,
				39553C5D1C1C817B009E8506 /* Assets.xcassets */,
				39A35CF61C1C8631007527F8 /* 3DNUS-Prefix.pch */,
			);
			name = "Supporting Files";
			sourceTree = "<group>";
		};
		39553C681C1C818F009E8506 /* Vendors */ = {
			isa = PBXGroup;
			children = (
				39A35CFB1C1D34E7007527F8 /* FCFileManager */,
				39A35CEB1C1C855C007527F8 /* TCBlobDownload */,
			);
			path = Vendors;
			sourceTree = "<group>";
		};
		39698E301C1D4B93007EB85E /* Common */ = {
			isa = PBXGroup;
			children = (
				39698E311C1D4BA1007EB85E /* FileDownloader.h */,
				39698E321C1D4BA1007EB85E /* FileDownloader.m */,
			);
			path = Common;
			sourceTree = "<group>";
		};
		39A35CEB1C1C855C007527F8 /* TCBlobDownload */ = {
			isa = PBXGroup;
			children = (
				39A35CEC1C1C855C007527F8 /* TCBlobDownload.h */,
				39A35CED1C1C855C007527F8 /* TCBlobDownloader.h */,
				39A35CEE1C1C855C007527F8 /* TCBlobDownloader.m */,
				39A35CEF1C1C855C007527F8 /* TCBlobDownloadManager.h */,
				39A35CF01C1C855C007527F8 /* TCBlobDownloadManager.m */,
			);
			path = TCBlobDownload;
			sourceTree = "<group>";
		};
		39A35CF31C1C856D007527F8 /* Frameworks */ = {
			isa = PBXGroup;
			children = (
				39A35CF41C1C857F007527F8 /* Foundation.framework */,
			);
			name = Frameworks;
			path = Vendors;
			sourceTree = "<group>";
		};
		39A35CF71C1C874C007527F8 /* Controllers */ = {
			isa = PBXGroup;
			children = (
				39A35CF81C1C8764007527F8 /* MainViewController.h */,
				39A35CF91C1C8764007527F8 /* MainViewController.m */,
				39C054AA1C1D529F000C30C8 /* MainWindowController.h */,
				39C054AB1C1D529F000C30C8 /* MainWindowController.m */,
			);
			path = Controllers;
			sourceTree = "<group>";
		};
		39A35CFB1C1D34E7007527F8 /* FCFileManager */ = {
			isa = PBXGroup;
			children = (
				39A35CFC1C1D34E7007527F8 /* FCFileManager.h */,
				39A35CFD1C1D34E7007527F8 /* FCFileManager.m */,
			);
			path = FCFileManager;
			sourceTree = "<group>";
		};
		39C054B21C1DC01E000C30C8 /* Categories */ = {
			isa = PBXGroup;
			children = (
				39C054B31C1DC01E000C30C8 /* Foundation */,
			);
			path = Categories;
			sourceTree = "<group>";
		};
		39C054B31C1DC01E000C30C8 /* Foundation */ = {
			isa = PBXGroup;
			children = (
				39C054D21C1DC07B000C30C8 /* NSString+ESAdditions.h */,
				39C054D31C1DC07B000C30C8 /* NSString+ESAdditions.m */,
			);
			path = Foundation;
			sourceTree = "<group>";
		};
/* End PBXGroup section */

/* Begin PBXNativeTarget section */
		39553C501C1C817B009E8506 /* 3DNUS */ = {
			isa = PBXNativeTarget;
			buildConfigurationList = 39553C651C1C817B009E8506 /* Build configuration list for PBXNativeTarget "3DNUS" */;
			buildPhases = (
				39553C4D1C1C817B009E8506 /* Sources */,
				39553C4E1C1C817B009E8506 /* Frameworks */,
				39553C4F1C1C817B009E8506 /* Resources */,
			);
			buildRules = (
			);
			dependencies = (
			);
			name = 3DNUS;
			productName = 3DNUS;
			productReference = 39553C511C1C817B009E8506 /* 3DNUS.app */;
			productType = "com.apple.product-type.application";
		};
/* End PBXNativeTarget section */

/* Begin PBXProject section */
		39553C491C1C817B009E8506 /* Project object */ = {
			isa = PBXProject;
			attributes = {
				LastUpgradeCheck = 0710;
				ORGANIZATIONNAME = "郑先生";
				TargetAttributes = {
					39553C501C1C817B009E8506 = {
						CreatedOnToolsVersion = 7.1.1;
					};
				};
			};
			buildConfigurationList = 39553C4C1C1C817B009E8506 /* Build configuration list for PBXProject "3DNUS" */;
			compatibilityVersion = "Xcode 3.2";
			developmentRegion = English;
			hasScannedForEncodings = 0;
			knownRegions = (
				en,
				Base,
			);
			mainGroup = 39553C481C1C817B009E8506;
			productRefGroup = 39553C521C1C817B009E8506 /* Products */;
			projectDirPath = "";
			projectRoot = "";
			targets = (
				39553C501C1C817B009E8506 /* 3DNUS */,
			);
		};
/* End PBXProject section */

/* Begin PBXResourcesBuildPhase section */
		39553C4F1C1C817B009E8506 /* Resources */ = {
			isa = PBXResourcesBuildPhase;
			buildActionMask = 2147483647;
			files = (
				39553C5E1C1C817B009E8506 /* Assets.xcassets in Resources */,
				39553C611C1C817B009E8506 /* Main.storyboard in Resources */,
			);
			runOnlyForDeploymentPostprocessing = 0;
		};
/* End PBXResourcesBuildPhase section */

/* Begin PBXSourcesBuildPhase section */
		39553C4D1C1C817B009E8506 /* Sources */ = {
			isa = PBXSourcesBuildPhase;
			buildActionMask = 2147483647;
			files = (
				39698E331C1D4BA1007EB85E /* FileDownloader.m in Sources */,
				39A35CFA1C1C8764007527F8 /* MainViewController.m in Sources */,
				39C054AC1C1D529F000C30C8 /* MainWindowController.m in Sources */,
				39553C591C1C817B009E8506 /* main.m in Sources */,
				39C054E41C1DC07B000C30C8 /* NSString+ESAdditions.m in Sources */,
				39A35CF21C1C855C007527F8 /* TCBlobDownloadManager.m in Sources */,
				39A35CF11C1C855C007527F8 /* TCBlobDownloader.m in Sources */,
				39A35CFE1C1D34E7007527F8 /* FCFileManager.m in Sources */,
				39553C561C1C817B009E8506 /* AppDelegate.m in Sources */,
			);
			runOnlyForDeploymentPostprocessing = 0;
		};
/* End PBXSourcesBuildPhase section */

/* Begin PBXVariantGroup section */
		39553C5F1C1C817B009E8506 /* Main.storyboard */ = {
			isa = PBXVariantGroup;
			children = (
				39553C601C1C817B009E8506 /* Base */,
			);
			name = Main.storyboard;
			sourceTree = "<group>";
		};
/* End PBXVariantGroup section */

/* Begin XCBuildConfiguration section */
		39553C631C1C817B009E8506 /* Debug */ = {
			isa = XCBuildConfiguration;
			buildSettings = {
				ALWAYS_SEARCH_USER_PATHS = NO;
				CLANG_CXX_LANGUAGE_STANDARD = "gnu++0x";
				CLANG_CXX_LIBRARY = "libc++";
				CLANG_ENABLE_MODULES = YES;
				CLANG_ENABLE_OBJC_ARC = YES;
				CLANG_WARN_BOOL_CONVERSION = YES;
				CLANG_WARN_CONSTANT_CONVERSION = YES;
				CLANG_WARN_DIRECT_OBJC_ISA_USAGE = YES_ERROR;
				CLANG_WARN_EMPTY_BODY = YES;
				CLANG_WARN_ENUM_CONVERSION = YES;
				CLANG_WARN_INT_CONVERSION = YES;
				CLANG_WARN_OBJC_ROOT_CLASS = YES_ERROR;
				CLANG_WARN_UNREACHABLE_CODE = YES;
				CLANG_WARN__DUPLICATE_METHOD_MATCH = YES;
				CODE_SIGN_IDENTITY = "-";
				COPY_PHASE_STRIP = NO;
				DEBUG_INFORMATION_FORMAT = dwarf;
				ENABLE_STRICT_OBJC_MSGSEND = YES;
				ENABLE_TESTABILITY = YES;
				GCC_C_LANGUAGE_STANDARD = gnu99;
				GCC_DYNAMIC_NO_PIC = NO;
				GCC_NO_COMMON_BLOCKS = YES;
				GCC_OPTIMIZATION_LEVEL = 0;
				GCC_PREPROCESSOR_DEFINITIONS = (
					"DEBUG=1",
					"$(inherited)",
				);
				GCC_WARN_64_TO_32_BIT_CONVERSION = YES;
				GCC_WARN_ABOUT_RETURN_TYPE = YES_ERROR;
				GCC_WARN_UNDECLARED_SELECTOR = YES;
				GCC_WARN_UNINITIALIZED_AUTOS = YES_AGGRESSIVE;
				GCC_WARN_UNUSED_FUNCTION = YES;
				GCC_WARN_UNUSED_VARIABLE = YES;
				MACOSX_DEPLOYMENT_TARGET = 10.10;
				MTL_ENABLE_DEBUG_INFO = YES;
				ONLY_ACTIVE_ARCH = YES;
				SDKROOT = macosx;
			};
			name = Debug;
		};
		39553C641C1C817B009E8506 /* Release */ = {
			isa = XCBuildConfiguration;
			buildSettings = {
				ALWAYS_SEARCH_USER_PATHS = NO;
				CLANG_CXX_LANGUAGE_STANDARD = "gnu++0x";
				CLANG_CXX_LIBRARY = "libc++";
				CLANG_ENABLE_MODULES = YES;
				CLANG_ENABLE_OBJC_ARC = YES;
				CLANG_WARN_BOOL_CONVERSION = YES;
				CLANG_WARN_CONSTANT_CONVERSION = YES;
				CLANG_WARN_DIRECT_OBJC_ISA_USAGE = YES_ERROR;
				CLANG_WARN_EMPTY_BODY = YES;
				CLANG_WARN_ENUM_CONVERSION = YES;
				CLANG_WARN_INT_CONVERSION = YES;
				CLANG_WARN_OBJC_ROOT_CLASS = YES_ERROR;
				CLANG_WARN_UNREACHABLE_CODE = YES;
				CLANG_WARN__DUPLICATE_METHOD_MATCH = YES;
				CODE_SIGN_IDENTITY = "-";
				COPY_PHASE_STRIP = NO;
				DEBUG_INFORMATION_FORMAT = "dwarf-with-dsym";
				ENABLE_NS_ASSERTIONS = NO;
				ENABLE_STRICT_OBJC_MSGSEND = YES;
				GCC_C_LANGUAGE_STANDARD = gnu99;
				GCC_NO_COMMON_BLOCKS = YES;
				GCC_WARN_64_TO_32_BIT_CONVERSION = YES;
				GCC_WARN_ABOUT_RETURN_TYPE = YES_ERROR;
				GCC_WARN_UNDECLARED_SELECTOR = YES;
				GCC_WARN_UNINITIALIZED_AUTOS = YES_AGGRESSIVE;
				GCC_WARN_UNUSED_FUNCTION = YES;
				GCC_WARN_UNUSED_VARIABLE = YES;
				MACOSX_DEPLOYMENT_TARGET = 10.10;
				MTL_ENABLE_DEBUG_INFO = NO;
				SDKROOT = macosx;
			};
			name = Release;
		};
		39553C661C1C817B009E8506 /* Debug */ = {
			isa = XCBuildConfiguration;
			buildSettings = {
				ASSETCATALOG_COMPILER_APPICON_NAME = AppIcon;
				COMBINE_HIDPI_IMAGES = YES;
				GCC_INCREASE_PRECOMPILED_HEADER_SHARING = NO;
				GCC_PRECOMPILE_PREFIX_HEADER = YES;
				GCC_PREFIX_HEADER = "3DNUS/3DNUS-Prefix.pch";
				INFOPLIST_FILE = 3DNUS/Info.plist;
				LD_RUNPATH_SEARCH_PATHS = "$(inherited) @executable_path/../Frameworks";
				PRODUCT_BUNDLE_IDENTIFIER = "me.evertrip.-DNUS";
				PRODUCT_NAME = "$(TARGET_NAME)";
			};
			name = Debug;
		};
		39553C671C1C817B009E8506 /* Release */ = {
			isa = XCBuildConfiguration;
			buildSettings = {
				ASSETCATALOG_COMPILER_APPICON_NAME = AppIcon;
				COMBINE_HIDPI_IMAGES = YES;
				GCC_INCREASE_PRECOMPILED_HEADER_SHARING = NO;
				GCC_PRECOMPILE_PREFIX_HEADER = YES;
				GCC_PREFIX_HEADER = "3DNUS/3DNUS-Prefix.pch";
				INFOPLIST_FILE = 3DNUS/Info.plist;
				LD_RUNPATH_SEARCH_PATHS = "$(inherited) @executable_path/../Frameworks";
				PRODUCT_BUNDLE_IDENTIFIER = "me.evertrip.-DNUS";
				PRODUCT_NAME = "$(TARGET_NAME)";
			};
			name = Release;
		};
/* End XCBuildConfiguration section */

/* Begin XCConfigurationList section */
		39553C4C1C1C817B009E8506 /* Build configuration list for PBXProject "3DNUS" */ = {
			isa = XCConfigurationList;
			buildConfigurations = (
				39553C631C1C817B009E8506 /* Debug */,
				39553C641C1C817B009E8506 /* Release */,
			);
			defaultConfigurationIsVisible = 0;
			defaultConfigurationName = Release;
		};
		39553C651C1C817B009E8506 /* Build configuration list for PBXNativeTarget "3DNUS" */ = {
			isa = XCConfigurationList;
			buildConfigurations = (
				39553C661C1C817B009E8506 /* Debug */,
				39553C671C1C817B009E8506 /* Release */,
			);
			defaultConfigurationIsVisible = 0;
			defaultConfigurationName = Release;
		};
/* End XCConfigurationList section */
	};
	rootObject = 39553C491C1C817B009E8506 /* Project object */;
}
